{
  "nodes": {
    "nixpkgs": {
      "locked": {
        "lastModified": 1716828127,
        "narHash": "sha256-Hm0FGXPCDrTGNGmUkgTns/FFbhn7GsSbdB0ZSlqWDp8=",
        "ref": "upd/pantheon-8",
        "rev": "85f3022db76037630dc1d9bd4b6cff26cc4f15bb",
        "revCount": 630872,
        "type": "git",
        "url": "file:///home/bobby285271/nixpkgs"
      },
      "original": {
        "ref": "nixos-unstable",
        "type": "git",
        "url": "file:///home/bobby285271/nixpkgs"
      }
    },
    "root": {
      "inputs": {
        "nixpkgs": "nixpkgs"
      }
    }
  },
  "root": "root",
  "version": 7
}
