{
  "nodes": {
    "nixpkgs": {
      "locked": {
        "lastModified": 1679460648,
        "narHash": "sha256-ZEUJdUH/s7iCRjhVTVLJfYlhuRnFwdWBBwX+PJbEir4=",
        "ref": "upd/gnome.mutter42",
        "rev": "6804a5e291f0bc16b8b84f9cb37fcf24bb97d20c",
        "revCount": 466022,
        "type": "git",
        "url": "file:///home/bobby285271/nixpkgs"
      },
      "original": {
        "ref": "nixos-unstable",
        "type": "git",
        "url": "file:///home/bobby285271/nixpkgs"
      }
    },
    "root": {
      "inputs": {
        "nixpkgs": "nixpkgs"
      }
    }
  },
  "root": "root",
  "version": 7
}
