{
  "nodes": {
    "nixpkgs": {
      "locked": {
        "lastModified": 1764083765,
        "narHash": "sha256-HLB3tH8ki+UoAAuDlz2zFegy50u+Y/GZUPWhXxyn2pY=",
        "ref": "wip-cinnamon",
        "rev": "580055659bf44c7b87415f982449016e8adf857e",
        "revCount": 901432,
        "type": "git",
        "url": "file:///home/bobby285271/nixpkgs"
      },
      "original": {
        "ref": "nixos-unstable",
        "type": "git",
        "url": "file:///home/bobby285271/nixpkgs"
      }
    },
    "root": {
      "inputs": {
        "nixpkgs": "nixpkgs"
      }
    }
  },
  "root": "root",
  "version": 7
}
